# THIS IS AN AUTOGENERATED FILE. DO NOT EDIT THIS FILE DIRECTLY.
# yarn lockfile v1


"@parcel/css@^1.3.1":
  version "1.3.1"
  resolved "https://registry.npmjs.org/@parcel/css/-/css-1.3.1.tgz"
  integrity sha512-G6Z9xqi0HzL2+Xe2wG/HGNm44qgJXOrS5O3AU0JnUAqnE2EewZQsidS4pafY7hABxBOcu0yt6WPA4r48GQXSsQ==
  dependencies:
    detect-libc "^1.0.3"
    "@parcel/css-darwin-x64" "1.3.1"
    "@parcel/css-linux-x64-gnu" "1.3.1"
    "@parcel/css-win32-x64-msvc" "1.3.1"
    "@parcel/css-darwin-arm64" "1.3.1"
    "@parcel/css-linux-arm64-gnu" "1.3.1"
    "@parcel/css-linux-arm-gnueabihf" "1.3.1"
    "@parcel/css-linux-arm64-musl" "1.3.1"
    "@parcel/css-linux-x64-musl" "1.3.1"

"@parcel/css-darwin-arm64@1.3.1":
  version "1.3.1"
  resolved "https://registry.npmjs.org/@parcel/css-darwin-arm64/-/css-darwin-arm64-1.3.1.tgz"
  integrity sha512-waUaOQ8kZeimauo+GdL58eUESm+hFzkplEaW5oievsAgIhIaHWSZegYsZ/oJ9thR7BjRx9JET28a+7YPRGprag==

"@parcel/css-darwin-x64@1.3.1":
  version "1.3.1"
  resolved "https://registry.npmjs.org/@parcel/css-darwin-x64/-/css-darwin-x64-1.3.1.tgz"
  integrity sha512-JZjSDUOTdmMKlokh4W3rC+Mt1oF4GIsl/KclF9pTZUYIVHvytLDgI2XbmYOgPEhkIbgMHHFCWzeoEjqd3R5GAA==

"@parcel/css-linux-arm-gnueabihf@1.3.1":
  version "1.3.1"
  resolved "https://registry.npmjs.org/@parcel/css-linux-arm-gnueabihf/-/css-linux-arm-gnueabihf-1.3.1.tgz"
  integrity sha512-SxXnC/65iLyKyB+ciruBqrYl2PWi1dIVkUXJ9Fm8iDGoR3KxzJhnaivCkrbIxhTyYoVnuErKyQNh92cQHMbUtg==

"@parcel/css-linux-arm64-gnu@1.3.1":
  version "1.3.1"
  resolved "https://registry.npmjs.org/@parcel/css-linux-arm64-gnu/-/css-linux-arm64-gnu-1.3.1.tgz"
  integrity sha512-gwdhy3BUeBLyPSf1UhwMzjOYHprjeB5AvXrqQ/BncDO4x0ic5ClRu4WgUfgzkyDX9KQVhnSks4svzixv7kEe3Q==

"@parcel/css-linux-arm64-musl@1.3.1":
  version "1.3.1"
  resolved "https://registry.npmjs.org/@parcel/css-linux-arm64-musl/-/css-linux-arm64-musl-1.3.1.tgz"
  integrity sha512-LdcEwX9Vws5cWE2+0U+fgj3GuCYMR1JZdLOT1ByDWQBX32Uigsr5OYNGbPvhXpqiZieSS4i5+Grjmyvg0cUvOA==

"@parcel/css-linux-x64-gnu@1.3.1":
  version "1.3.1"
  resolved "https://registry.npmjs.org/@parcel/css-linux-x64-gnu/-/css-linux-x64-gnu-1.3.1.tgz"
  integrity sha512-zFnlQ3gfSOG2M4GdBfWQWI9D0YmnE/aJ6MmvciZR5mPaEpmbsQ6sf3wAJkKXUibYcxs4qaGZJbkENpfMHltJAg==

"@parcel/css-linux-x64-musl@1.3.1":
  version "1.3.1"
  resolved "https://registry.npmjs.org/@parcel/css-linux-x64-musl/-/css-linux-x64-musl-1.3.1.tgz"
  integrity sha512-kLg8Cb4KPpXJ+2XA4+VaAREd4nM+TyQqRUv5pSgCYDd69VN5EGiiYZ2dec09hS1UGvzBkLMklr9vbYymkwuPJg==

"@parcel/css-win32-x64-msvc@1.3.1":
  version "1.3.1"
  resolved "https://registry.npmjs.org/@parcel/css-win32-x64-msvc/-/css-win32-x64-msvc-1.3.1.tgz"
  integrity sha512-1/XR1dVjQO67NG5Tn9jqTUpdfFFPk+gWFmjCRut9xbOA5oghg6RvAhn4jnG3mLz6umcexPEYdXvosaqeVhTKbA==

"@swc/core@^1.2.130":
  version "1.2.141"
  resolved "https://registry.npmjs.org/@swc/core/-/core-1.2.141.tgz"
  integrity sha512-etjy0pWW2i3BDpTtg72CzFW6m91g3WC8incE82w37tll9easR9fJE4+njs1h4fP164xAiyAXOfsBECxsfH+t6A==
  dependencies:
    "@swc/core-win32-x64-msvc" "1.2.141"
    "@swc/core-darwin-x64" "1.2.141"
    "@swc/core-linux-x64-gnu" "1.2.141"
    "@swc/core-linux-x64-musl" "1.2.141"
    "@swc/core-freebsd-x64" "1.2.141"
    "@swc/core-win32-ia32-msvc" "1.2.141"
    "@swc/core-linux-arm64-gnu" "1.2.141"
    "@swc/core-linux-arm-gnueabihf" "1.2.141"
    "@swc/core-darwin-arm64" "1.2.141"
    "@swc/core-android-arm64" "1.2.141"
    "@swc/core-linux-arm64-musl" "1.2.141"
    "@swc/core-win32-arm64-msvc" "1.2.141"
    "@swc/core-android-arm-eabi" "1.2.141"

"@swc/core-android-arm-eabi@1.2.141":
  version "1.2.141"
  resolved "https://registry.npmjs.org/@swc/core-android-arm-eabi/-/core-android-arm-eabi-1.2.141.tgz"
  integrity sha512-rkp8KPR93/H25KL+nGZqDZahTLrW6ub09GsjzfZWTijAeOn0NnLLWzSdY60UTbvBUz/GJP6ueNWmV8V8q8MkKw==

"@swc/core-android-arm64@1.2.141":
  version "1.2.141"
  resolved "https://registry.npmjs.org/@swc/core-android-arm64/-/core-android-arm64-1.2.141.tgz"
  integrity sha512-S9wNosJZA463nu+MHHv9xBwwe4KehEiBpKyk9gytGgblCD0aXa6Seb6CtsoZbo3C/Q881sVi9JG8COXFRFby/g==

"@swc/core-darwin-arm64@1.2.141":
  version "1.2.141"
  resolved "https://registry.npmjs.org/@swc/core-darwin-arm64/-/core-darwin-arm64-1.2.141.tgz"
  integrity sha512-jlWgQw+S208aETBH2mBZUWknObJQOMk1iuhxdqMsKzFSnmSnitEtCNIP55LkBHdvG8/k5elR6HQ0JPsEnQSiwA==

"@swc/core-darwin-x64@1.2.141":
  version "1.2.141"
  resolved "https://registry.npmjs.org/@swc/core-darwin-x64/-/core-darwin-x64-1.2.141.tgz"
  integrity sha512-fr4BXQhZe7SrCepgYeBedEq5NLO5hpUNoC84NN9njygP0xe+HP0SJkCHZ0INKHdBoQV+0qdl/JWZnYTSoOD9Hg==

"@swc/core-freebsd-x64@1.2.141":
  version "1.2.141"
  resolved "https://registry.npmjs.org/@swc/core-freebsd-x64/-/core-freebsd-x64-1.2.141.tgz"
  integrity sha512-BbYv36t2vnZ9A1PID5/tLv64/dPxFlp6JAtGDPhpc53I6WXORHDyL9oI8FYL0zLYByx1nHEBnu9ApBjmMEGfPw==

"@swc/core-linux-arm-gnueabihf@1.2.141":
  version "1.2.141"
  resolved "https://registry.npmjs.org/@swc/core-linux-arm-gnueabihf/-/core-linux-arm-gnueabihf-1.2.141.tgz"
  integrity sha512-GhXllm5F2aKs1uNn7Se2dPkszKPm0JJtPSMxalcn+axiNVaTreXs0AnTploj/9mwjNzYibVgeefbbQRJ/dPH4g==

"@swc/core-linux-arm64-gnu@1.2.141":
  version "1.2.141"
  resolved "https://registry.npmjs.org/@swc/core-linux-arm64-gnu/-/core-linux-arm64-gnu-1.2.141.tgz"
  integrity sha512-KkhDgTAT1zac4D3jAzLgDkjCjNg/YhVW4kqHNR6yZVO8E8SNd2mfyGKpzI8xpZzqH9VF8MUJ3tcfZEa+O3q57A==

"@swc/core-linux-arm64-musl@1.2.141":
  version "1.2.141"
  resolved "https://registry.npmjs.org/@swc/core-linux-arm64-musl/-/core-linux-arm64-musl-1.2.141.tgz"
  integrity sha512-5q+OfJM+FGpvzTyET8vuLY4GNKdiEOTtS5Td4oWQHQvmy6swUE/+WFveaNrIpbv9W2fMvXINHILeYz0fsBjzcg==

"@swc/core-linux-x64-gnu@1.2.141":
  version "1.2.141"
  resolved "https://registry.npmjs.org/@swc/core-linux-x64-gnu/-/core-linux-x64-gnu-1.2.141.tgz"
  integrity sha512-IR84Sp7Jftsot/ZSuLgkoIHNsAMMzsGtT28oBNWlEcIEGSjps9lAd4N1uRFo9nK35fYjQHxQ/0bujbHqeO7hhQ==

"@swc/core-linux-x64-musl@1.2.141":
  version "1.2.141"
  resolved "https://registry.npmjs.org/@swc/core-linux-x64-musl/-/core-linux-x64-musl-1.2.141.tgz"
  integrity sha512-sV7qc71++h19pp7FyU+1FWEVSHeghuGO67/VKNYdo6NpJhIuR4F0J76H6WP2hMlLgvWCd/lXudljKr0vDBFW5g==

"@swc/core-win32-arm64-msvc@1.2.141":
  version "1.2.141"
  resolved "https://registry.npmjs.org/@swc/core-win32-arm64-msvc/-/core-win32-arm64-msvc-1.2.141.tgz"
  integrity sha512-cqsuUOP+MmuKZ6KR5CaC3l6pUkULGpSDjmbFtoSTjuduu144GQ2HOpJslxOMPTkJbDm2fVYYSlPZTyIbBrCj1g==

"@swc/core-win32-ia32-msvc@1.2.141":
  version "1.2.141"
  resolved "https://registry.npmjs.org/@swc/core-win32-ia32-msvc/-/core-win32-ia32-msvc-1.2.141.tgz"
  integrity sha512-jkHWFwgTjOl9HChJpl1gZPdPSUUhwOZ/3a/SBnlrbuePcfro3DIbJysIcizpJtCGtnX7U3XECAzZn8c03OiKfg==

"@swc/core-win32-x64-msvc@1.2.141":
  version "1.2.141"
  resolved "https://registry.npmjs.org/@swc/core-win32-x64-msvc/-/core-win32-x64-msvc-1.2.141.tgz"
  integrity sha512-qCFMX/6HtBksLZeVB/jrbxZ1TxqEac03zvRGDe3N4ZVBtMZi7nfayJTsYRrvfw87XOegIz5mEWfShxEy44FtGw==

"@types/node@*":
  version "12.20.46"
  resolved "https://registry.npmjs.org/@types/node/-/node-12.20.46.tgz"
  integrity sha512-cPjLXj8d6anFPzFvOPxS3fvly3Shm5nTfl6g8X5smexixbuGUf7hfr21J5tX9JW+UPStp/5P5R8qrKL5IyVJ+A==

"@types/node@^17.0.8":
  version "17.0.18"
  resolved "https://registry.npmjs.org/@types/node/-/node-17.0.18.tgz"
  integrity sha512-eKj4f/BsN/qcculZiRSujogjvp5O/k4lOW5m35NopjZM/QwLOR075a8pJW5hD+Rtdm2DaCVPENS6KtSQnUD6BA==

"@types/prop-types@*":
  version "15.7.4"
  resolved "https://registry.npmjs.org/@types/prop-types/-/prop-types-15.7.4.tgz"
  integrity sha512-rZ5drC/jWjrArrS8BR6SIr4cWpW09RNTYt9AMZo3Jwwif+iacXAqgVjm0B0Bv/S1jhDXKHqRVNCbACkJ89RAnQ==

"@types/react@^17.0.39":
  version "17.0.39"
  resolved "https://registry.npmjs.org/@types/react/-/react-17.0.39.tgz"
  integrity sha512-UVavlfAxDd/AgAacMa60Azl7ygyQNRwC/DsHZmKgNvPmRR5p70AJ5Q9EAmL2NWOJmeV+vVUI4IAP7GZrN8h8Ug==
  dependencies:
    "@types/prop-types" "*"
    "@types/scheduler" "*"
    csstype "^3.0.2"

"@types/scheduler@*":
  version "0.16.2"
  resolved "https://registry.npmjs.org/@types/scheduler/-/scheduler-0.16.2.tgz"
  integrity sha512-hppQEBDmlwhFAXKJX2KnWLYu5yMfi91yazPb2l+lbJiwW+wdo1gNeRA+3RgNSO39WYX2euey41KEwnqesU2Jew==

"@types/ws@^8.2.2":
  version "8.2.2"
  resolved "https://registry.npmjs.org/@types/ws/-/ws-8.2.2.tgz"
  integrity sha512-NOn5eIcgWLOo6qW8AcuLZ7G8PycXu0xTxxkS6Q18VWFxgPUSOwV0pBj2a/4viNZVu25i7RIB7GttdkAIUUXOOg==
  dependencies:
    "@types/node" "*"

anymatch@~3.1.2:
  version "3.1.2"
  resolved "https://registry.npmjs.org/anymatch/-/anymatch-3.1.2.tgz"
  integrity sha512-P43ePfOAIupkguHUycrc4qJ9kz8ZiuOUijaETwX7THt0Y/GNK7v0aa8rY816xWjZ7rJdA5XdMcpVFTKMq+RvWg==
  dependencies:
    normalize-path "^3.0.0"
    picomatch "^2.0.4"

binary-extensions@^2.0.0:
  version "2.2.0"
  resolved "https://registry.npmjs.org/binary-extensions/-/binary-extensions-2.2.0.tgz"
  integrity sha512-jDctJ/IVQbZoJykoeHbhXpOlNBqGNcwXJKJog42E5HDPUwQTSdjCHdihjj0DlnheQ7blbT6dHOafNAiS8ooQKA==

braces@~3.0.2:
  version "3.0.2"
  resolved "https://registry.npmjs.org/braces/-/braces-3.0.2.tgz"
  integrity sha512-b8um+L1RzM3WDSzvhm6gIz1yfTbBt6YTlcEKAvsmqCZZFw46z626lVj9j1yEPW33H5H+lBQpZMP1k8l+78Ha0A==
  dependencies:
    fill-range "^7.0.1"

chokidar@^3.5.3:
  version "3.5.3"
  resolved "https://registry.npmjs.org/chokidar/-/chokidar-3.5.3.tgz"
  integrity sha512-Dr3sfKRP6oTcjf2JmUmFJfeVMvXBdegxB0iVQ5eb2V10uFJUCAS8OByZdVAyVb8xXNz3GjjTgj9kLWsZTqE6kw==
  dependencies:
    anymatch "~3.1.2"
    braces "~3.0.2"
    glob-parent "~5.1.2"
    is-binary-path "~2.1.0"
    is-glob "~4.0.1"
    normalize-path "~3.0.0"
    readdirp "~3.6.0"
    fsevents "~2.3.2"

csstype@^3.0.2:
  version "3.0.10"
  resolved "https://registry.npmjs.org/csstype/-/csstype-3.0.10.tgz"
  integrity sha512-2u44ZG2OcNUO9HDp/Jl8C07x6pU/eTR3ncV91SiK3dhG9TWvRVsCoJw14Ckx5DgWkzGA3waZWO3d7pgqpUI/XA==

detect-libc@^1.0.3:
  version "1.0.3"
  resolved "https://registry.npmjs.org/detect-libc/-/detect-libc-1.0.3.tgz"
  integrity sha1-+hN8S9aY7fVc1c0CrFWfkaTEups=

esbuild@^0.14.18:
  version "0.14.21"
  resolved "https://registry.npmjs.org/esbuild/-/esbuild-0.14.21.tgz"
  integrity sha512-7WEoNMBJdLN993dr9h0CpFHPRc3yFZD+EAVY9lg6syJJ12gc5fHq8d75QRExuhnMkT2DaRiIKFThRvDWP+fO+A==
  dependencies:
    esbuild-android-arm64 "0.14.21"
    esbuild-darwin-64 "0.14.21"
    esbuild-darwin-arm64 "0.14.21"
    esbuild-freebsd-64 "0.14.21"
    esbuild-freebsd-arm64 "0.14.21"
    esbuild-linux-32 "0.14.21"
    esbuild-linux-64 "0.14.21"
    esbuild-linux-arm "0.14.21"
    esbuild-linux-arm64 "0.14.21"
    esbuild-linux-mips64le "0.14.21"
    esbuild-linux-ppc64le "0.14.21"
    esbuild-linux-riscv64 "0.14.21"
    esbuild-linux-s390x "0.14.21"
    esbuild-netbsd-64 "0.14.21"
    esbuild-openbsd-64 "0.14.21"
    esbuild-sunos-64 "0.14.21"
    esbuild-windows-32 "0.14.21"
    esbuild-windows-64 "0.14.21"
    esbuild-windows-arm64 "0.14.21"

esbuild-android-arm64@0.14.21:
  version "0.14.21"
  resolved "https://registry.npmjs.org/esbuild-android-arm64/-/esbuild-android-arm64-0.14.21.tgz"
  integrity sha512-Bqgld1TY0wZv8TqiQmVxQFgYzz8ZmyzT7clXBDZFkOOdRybzsnj8AZuK1pwcLVA7Ya6XncHgJqIao7NFd3s0RQ==

esbuild-darwin-64@0.14.21:
  version "0.14.21"
  resolved "https://registry.npmjs.org/esbuild-darwin-64/-/esbuild-darwin-64-0.14.21.tgz"
  integrity sha512-j+Eg+e13djzyYINVvAbOo2/zvZ2DivuJJTaBrJnJHSD7kUNuGHRkHoSfFjbI80KHkn091w350wdmXDNSgRjfYQ==

esbuild-darwin-arm64@0.14.21:
  version "0.14.21"
  resolved "https://registry.npmjs.org/esbuild-darwin-arm64/-/esbuild-darwin-arm64-0.14.21.tgz"
  integrity sha512-nDNTKWDPI0RuoPj5BhcSB2z5EmZJJAyRtZLIjyXSqSpAyoB8eyAKXl4lB8U2P78Fnh4Lh1le/fmpewXE04JhBQ==

esbuild-freebsd-64@0.14.21:
  version "0.14.21"
  resolved "https://registry.npmjs.org/esbuild-freebsd-64/-/esbuild-freebsd-64-0.14.21.tgz"
  integrity sha512-zIurkCHXhxELiDZtLGiexi8t8onQc2LtuE+S7457H/pP0g0MLRKMrsn/IN4LDkNe6lvBjuoZZi2OfelOHn831g==

esbuild-freebsd-arm64@0.14.21:
  version "0.14.21"
  resolved "https://registry.npmjs.org/esbuild-freebsd-arm64/-/esbuild-freebsd-arm64-0.14.21.tgz"
  integrity sha512-wdxMmkJfbwcN+q85MpeUEamVZ40FNsBa9mPq8tAszDn8TRT2HoJvVRADPIIBa9SWWwlDChIMjkDKAnS3KS/sPA==

esbuild-linux-32@0.14.21:
  version "0.14.21"
  resolved "https://registry.npmjs.org/esbuild-linux-32/-/esbuild-linux-32-0.14.21.tgz"
  integrity sha512-fmxvyzOPPh2xiEHojpCeIQP6pXcoKsWbz3ryDDIKLOsk4xp3GbpHIEAWP0xTeuhEbendmvBDVKbAVv3PnODXLg==

esbuild-linux-64@0.14.21:
  version "0.14.21"
  resolved "https://registry.npmjs.org/esbuild-linux-64/-/esbuild-linux-64-0.14.21.tgz"
  integrity sha512-edZyNOv1ql+kpmlzdqzzDjRQYls+tSyi4QFi+PdBhATJFUqHsnNELWA9vMSzAaInPOEaVUTA5Ml28XFChcy4DA==

esbuild-linux-arm@0.14.21:
  version "0.14.21"
  resolved "https://registry.npmjs.org/esbuild-linux-arm/-/esbuild-linux-arm-0.14.21.tgz"
  integrity sha512-aSU5pUueK6afqmLQsbU+QcFBT62L+4G9hHMJDHWfxgid6hzhSmfRH9U/f+ymvxsSTr/HFRU4y7ox8ZyhlVl98w==

esbuild-linux-arm64@0.14.21:
  version "0.14.21"
  resolved "https://registry.npmjs.org/esbuild-linux-arm64/-/esbuild-linux-arm64-0.14.21.tgz"
  integrity sha512-t5qxRkq4zdQC0zXpzSB2bTtfLgOvR0C6BXYaRE/6/k8/4SrkZcTZBeNu+xGvwCU4b5dU9ST9pwIWkK6T1grS8g==

esbuild-linux-mips64le@0.14.21:
  version "0.14.21"
  resolved "https://registry.npmjs.org/esbuild-linux-mips64le/-/esbuild-linux-mips64le-0.14.21.tgz"
  integrity sha512-jLZLQGCNlUsmIHtGqNvBs3zN+7a4D9ckf0JZ+jQTwHdZJ1SgV9mAjbB980OFo66LoY+WeM7t3WEnq3FjI1zw4A==

esbuild-linux-ppc64le@0.14.21:
  version "0.14.21"
  resolved "https://registry.npmjs.org/esbuild-linux-ppc64le/-/esbuild-linux-ppc64le-0.14.21.tgz"
  integrity sha512-4TWxpK391en2UBUw6GSrukToTDu6lL9vkm3Ll40HrI08WG3qcnJu7bl8e1+GzelDsiw1QmfAY/nNvJ6iaHRpCQ==

esbuild-linux-riscv64@0.14.21:
  version "0.14.21"
  resolved "https://registry.npmjs.org/esbuild-linux-riscv64/-/esbuild-linux-riscv64-0.14.21.tgz"
  integrity sha512-fElngqOaOfTsF+u+oetDLHsPG74vB2ZaGZUqmGefAJn3a5z9Z2pNa4WpVbbKgHpaAAy5tWM1m1sbGohj6Ki6+Q==

esbuild-linux-s390x@0.14.21:
  version "0.14.21"
  resolved "https://registry.npmjs.org/esbuild-linux-s390x/-/esbuild-linux-s390x-0.14.21.tgz"
  integrity sha512-brleZ6R5fYv0qQ7ZBwenQmP6i9TdvJCB092c/3D3pTLQHBGHJb5zWgKxOeS7bdHzmLy6a6W7GbFk6QKpjyD6QA==

esbuild-netbsd-64@0.14.21:
  version "0.14.21"
  resolved "https://registry.npmjs.org/esbuild-netbsd-64/-/esbuild-netbsd-64-0.14.21.tgz"
  integrity sha512-nCEgsLCQ8RoFWVV8pVI+kX66ICwbPP/M9vEa0NJGIEB/Vs5sVGMqkf67oln90XNSkbc0bPBDuo4G6FxlF7PN8g==

esbuild-openbsd-64@0.14.21:
  version "0.14.21"
  resolved "https://registry.npmjs.org/esbuild-openbsd-64/-/esbuild-openbsd-64-0.14.21.tgz"
  integrity sha512-h9zLMyVD0T73MDTVYIb/qUTokwI6EJH9O6wESuTNq6+XpMSr6C5aYZ4fvFKdNELW+Xsod+yDS2hV2JTUAbFrLA==

esbuild-sunos-64@0.14.21:
  version "0.14.21"
  resolved "https://registry.npmjs.org/esbuild-sunos-64/-/esbuild-sunos-64-0.14.21.tgz"
  integrity sha512-Kl+7Cot32qd9oqpLdB1tEGXEkjBlijrIxMJ0+vlDFaqsODutif25on0IZlFxEBtL2Gosd4p5WCV1U7UskNQfXA==

esbuild-windows-32@0.14.21:
  version "0.14.21"
  resolved "https://registry.npmjs.org/esbuild-windows-32/-/esbuild-windows-32-0.14.21.tgz"
  integrity sha512-V7vnTq67xPBUCk/9UtlolmQ798Ecjdr1ZoI1vcSgw7M82aSSt0eZdP6bh5KAFZU8pxDcx3qoHyWQfHYr11f22A==

esbuild-windows-64@0.14.21:
  version "0.14.21"
  resolved "https://registry.npmjs.org/esbuild-windows-64/-/esbuild-windows-64-0.14.21.tgz"
  integrity sha512-kDgHjKOHwjfJDCyRGELzVxiP/RBJBTA+wyspf78MTTJQkyPuxH2vChReNdWc+dU2S4gIZFHMdP1Qrl/k22ZmaA==

esbuild-windows-arm64@0.14.21:
  version "0.14.21"
  resolved "https://registry.npmjs.org/esbuild-windows-arm64/-/esbuild-windows-arm64-0.14.21.tgz"
  integrity sha512-8Sbo0zpzgwWrwjQYLmHF78f7E2xg5Ve63bjB2ng3V2aManilnnTGaliq2snYg+NOX60+hEvJHRdVnuIAHW0lVw==

fill-range@^7.0.1:
  version "7.0.1"
  resolved "https://registry.npmjs.org/fill-range/-/fill-range-7.0.1.tgz"
  integrity sha512-qOo9F+dMUmC2Lcb4BbVvnKJxTPjCm+RRpe4gDuGrzkL7mEVl/djYSu2OdQ2Pa302N4oqkSg9ir6jaLWJ2USVpQ==
  dependencies:
    to-regex-range "^5.0.1"

fsevents@~2.3.2:
  version "2.3.2"
  resolved "https://registry.npmjs.org/fsevents/-/fsevents-2.3.2.tgz"
  integrity sha512-xiqMQR4xAeHTuB9uWm+fFRcIOgKBMiOBP+eXiyT7jsgVCq1bkVygt00oASowB7EdtpOHaaPgKt812P9ab+DDKA==

glob-parent@~5.1.2:
  version "5.1.2"
  resolved "https://registry.npmjs.org/glob-parent/-/glob-parent-5.1.2.tgz"
  integrity sha512-AOIgSQCepiJYwP3ARnGx+5VnTu2HBYdzbGP45eLw1vr3zB3vZLeyed1sC9hnbcOc9/SrMyM5RPQrkGz4aS9Zow==
  dependencies:
    is-glob "^4.0.1"

is-binary-path@~2.1.0:
  version "2.1.0"
  resolved "https://registry.npmjs.org/is-binary-path/-/is-binary-path-2.1.0.tgz"
  integrity sha512-ZMERYes6pDydyuGidse7OsHxtbI7WVeUEozgR/g7rd0xUimYNlvZRE/K2MgZTjWy725IfelLeVcEM97mmtRGXw==
  dependencies:
    binary-extensions "^2.0.0"

is-extglob@^2.1.1:
  version "2.1.1"
  resolved "https://registry.npmjs.org/is-extglob/-/is-extglob-2.1.1.tgz"
  integrity sha1-qIwCU1eR8C7TfHahueqXc8gz+MI=

is-glob@^4.0.1, is-glob@~4.0.1:
  version "4.0.3"
  resolved "https://registry.npmjs.org/is-glob/-/is-glob-4.0.3.tgz"
  integrity sha512-xelSayHH36ZgE7ZWhli7pW34hNbNl8Ojv5KVmkJD4hBdD3th8Tfk9vYasLM+mXWOZhFkgZfxhLSnrwRr4elSSg==
  dependencies:
    is-extglob "^2.1.1"

is-number@^7.0.0:
  version "7.0.0"
  resolved "https://registry.npmjs.org/is-number/-/is-number-7.0.0.tgz"
  integrity sha512-41Cifkg6e8TylSpdtTpeLVMqvSBEVzTttHvERD741+pnZ8ANv0004MRL43QKPDlK9cGvNp6NZWZUBlbGXYxxng==

normalize-path@^3.0.0, normalize-path@~3.0.0:
  version "3.0.0"
  resolved "https://registry.npmjs.org/normalize-path/-/normalize-path-3.0.0.tgz"
  integrity sha512-6eZs5Ls3WtCisHWp9S2GUy8dqkpGi4BVSz3GaqiE6ezub0512ESztXUwUB6C6IKbQkY2Pnb/mD4WYojCRwcwLA==

picomatch@^2.0.4, picomatch@^2.2.1:
  version "2.3.1"
  resolved "https://registry.npmjs.org/picomatch/-/picomatch-2.3.1.tgz"
  integrity sha512-JU3teHTNjmE2VCGFzuY8EXzCDVwEqB2a8fsIvwaStHhAWJEeVd1o1QD80CU6+ZdEXXSLbSsuLwJjkCBWqRQUVA==

prettier@^2.5.1:
  version "2.5.1"
  resolved "https://registry.npmjs.org/prettier/-/prettier-2.5.1.tgz"
  integrity sha512-vBZcPRUR5MZJwoyi3ZoyQlc1rXeEck8KgeC9AwwOn+exuxLxq5toTRDTSaVrXHxelDMHy9zlicw8u66yxoSUFg==

readdirp@~3.6.0:
  version "3.6.0"
  resolved "https://registry.npmjs.org/readdirp/-/readdirp-3.6.0.tgz"
  integrity sha512-hOS089on8RduqdbhvQ5Z37A0ESjsqz6qnRcffsMU3495FuTdqSm+7bhJ29JvIOsBDEEnan5DPu9t3To9VRlMzA==
  dependencies:
    picomatch "^2.2.1"

to-regex-range@^5.0.1:
  version "5.0.1"
  resolved "https://registry.npmjs.org/to-regex-range/-/to-regex-range-5.0.1.tgz"
  integrity sha512-65P7iz6X5yEr1cwcgvQxbbIw7Uk3gOy5dIdtZ4rDveLqhrdJP+Li/Hx6tyK0NEb+2GCyneCMJiGqrADCSNk8sQ==
  dependencies:
    is-number "^7.0.0"

typescript@^4.5.4:
  version "4.5.5"
  resolved "https://registry.npmjs.org/typescript/-/typescript-4.5.5.tgz"
  integrity sha512-TCTIul70LyWe6IJWT8QSYeA54WQe8EjQFU4wY52Fasj5UKx88LNYKCgBEHcOMOrFF1rKGbD8v/xcNWVUq9SymA==

ws@^8.4.2:
  version "8.5.0"
  resolved "https://registry.npmjs.org/ws/-/ws-8.5.0.tgz"
  integrity sha512-BWX0SWVgLPzYwF8lTzEy1egjhS4S4OEAHfsO8o65WOVsrnSRGaSiUaa9e0ggGlkMTtBlmOpEXiie9RUcBO86qg==
