# THIS IS AN AUTOGENERATED FILE. DO NOT EDIT THIS FILE DIRECTLY.
# yarn lockfile v1


"@napi-rs/triples@^1.1.0":
  version "1.1.0"
  resolved "https://registry.npmjs.org/@napi-rs/triples/-/triples-1.1.0.tgz"
  integrity sha512-XQr74QaLeMiqhStEhLn1im9EOMnkypp7MZOwQhGzqp2Weu5eQJbpPxWxixxlYRKWPOmJjsk6qYfYH9kq43yc2w==

"@node-rs/helper@^1.0.0":
  version "1.3.3"
  resolved "https://registry.npmjs.org/@node-rs/helper/-/helper-1.3.3.tgz"
  integrity sha512-p4OdfQObGN9YFy5WZaGwlPYICQSe7xZYyXB0sxREmvj1HzGKp5bPg2PlfgfMZEfnjIA882B9ZrnagYzZihIwjA==
  dependencies:
    "@napi-rs/triples" "^1.1.0"

"@parcel/css@^1.2.0":
  version "1.2.0"
  resolved "https://registry.npmjs.org/@parcel/css/-/css-1.2.0.tgz"
  integrity sha512-kFKigkVGgjE7wcs+BtQuk127C2/Tc42PGPS9qLePZWty7BL8ydBND+1Ef7dnx7qEqMU+6yKZBz97nG7LFJ27yA==
  dependencies:
    detect-libc "^1.0.3"
    "@parcel/css-darwin-x64" "1.2.0"
    "@parcel/css-linux-x64-gnu" "1.2.0"
    "@parcel/css-win32-x64-msvc" "1.2.0"
    "@parcel/css-darwin-arm64" "1.2.0"
    "@parcel/css-linux-arm64-gnu" "1.2.0"
    "@parcel/css-linux-arm-gnueabihf" "1.2.0"
    "@parcel/css-linux-arm64-musl" "1.2.0"
    "@parcel/css-linux-x64-musl" "1.2.0"

"@parcel/css-darwin-arm64@1.2.0":
  version "1.2.0"
  resolved "https://registry.npmjs.org/@parcel/css-darwin-arm64/-/css-darwin-arm64-1.2.0.tgz"
  integrity sha512-UzM9rv+ERUURVbQvNIN5SNBoU4ycJvLdqQbolDCmRvfBu6+tgM6n4W8nBp1cXpxh/iIsdHwDV2KPtK3XbKF1UQ==

"@parcel/css-darwin-x64@1.2.0":
  version "1.2.0"
  resolved "https://registry.npmjs.org/@parcel/css-darwin-x64/-/css-darwin-x64-1.2.0.tgz"
  integrity sha512-M1yVWyTjXby6IzbSQlKpoyuAJIM1G7HVEI9ASYcmz0C3dsJqS8EW7IWjA/fJc/HevHoyGXIEYuIvrCc50bey0w==

"@parcel/css-linux-arm-gnueabihf@1.2.0":
  version "1.2.0"
  resolved "https://registry.npmjs.org/@parcel/css-linux-arm-gnueabihf/-/css-linux-arm-gnueabihf-1.2.0.tgz"
  integrity sha512-kLf4OmglnCHOVFfrJLF1Uuxuo5ayCI5egAZRKhZSeZ9ua5KOioAPSwvieYZrI6esH0a/MUhfywn/7haKGfxwnA==

"@parcel/css-linux-arm64-gnu@1.2.0":
  version "1.2.0"
  resolved "https://registry.npmjs.org/@parcel/css-linux-arm64-gnu/-/css-linux-arm64-gnu-1.2.0.tgz"
  integrity sha512-dNnJLiAy2xXXDVVOeboDG2Rn6Ak9DsylRfKGdO2KvGj4MkwbV6fEBo4m9s73JKgsgtdGljWRcsTRPo23vaWBtw==

"@parcel/css-linux-arm64-musl@1.2.0":
  version "1.2.0"
  resolved "https://registry.npmjs.org/@parcel/css-linux-arm64-musl/-/css-linux-arm64-musl-1.2.0.tgz"
  integrity sha512-oOa55lM59KWDlD6SK2brLT+Oaj8rDQDVHkMUVipxh2vFEQMDeRm1k6seFN1EyMGwb67ixjaWbqDsVCwpSDAtag==

"@parcel/css-linux-x64-gnu@1.2.0":
  version "1.2.0"
  resolved "https://registry.npmjs.org/@parcel/css-linux-x64-gnu/-/css-linux-x64-gnu-1.2.0.tgz"
  integrity sha512-qyVozcROGm1oB2Sp4Qyzi4OLSAno31Q0/gofN5De2gycnqeG1k/dViIK37KMLjDQNVm2S2RfigLo79NbhNtOrw==

"@parcel/css-linux-x64-musl@1.2.0":
  version "1.2.0"
  resolved "https://registry.npmjs.org/@parcel/css-linux-x64-musl/-/css-linux-x64-musl-1.2.0.tgz"
  integrity sha512-tBuaEcZ8kJECHxDv4goA2XXW/ZC9p0lmKf5HEEssF6coXlAXbcngF4V8E/NALuESLDIlhKbF+htbIS/GgpgvkQ==

"@parcel/css-win32-x64-msvc@1.2.0":
  version "1.2.0"
  resolved "https://registry.npmjs.org/@parcel/css-win32-x64-msvc/-/css-win32-x64-msvc-1.2.0.tgz"
  integrity sha512-r2nxgelC5T5+icP5+E/CTLpToRUbvtGVHZloinre3E3vJOAhe6uJJ5TCP8fr8H+KHjzHoQCy9H3VgFiQE8A3pg==

"@swc/core@1.2.130":
  version "1.2.130"
  resolved "https://registry.npmjs.org/@swc/core/-/core-1.2.130.tgz"
  integrity sha512-Lv5nXiCFq+X1JDdwIkmBvx4cGJUdzmKCQ69OG6Zot1ArpEr3Smcfcc5oPcuKqQ7su2ATfP0tjMYbkM0CVO94cg==
  dependencies:
    "@node-rs/helper" "^1.0.0"
    "@swc/core-win32-x64-msvc" "1.2.130"
    "@swc/core-darwin-x64" "1.2.130"
    "@swc/core-linux-x64-gnu" "1.2.130"
    "@swc/core-linux-x64-musl" "1.2.130"
    "@swc/core-freebsd-x64" "1.2.130"
    "@swc/core-win32-ia32-msvc" "1.2.130"
    "@swc/core-linux-arm64-gnu" "1.2.130"
    "@swc/core-linux-arm-gnueabihf" "1.2.130"
    "@swc/core-darwin-arm64" "1.2.130"
    "@swc/core-android-arm64" "1.2.130"
    "@swc/core-linux-arm64-musl" "1.2.130"
    "@swc/core-win32-arm64-msvc" "1.2.130"
    "@swc/core-android-arm-eabi" "1.2.130"

"@swc/core-android-arm-eabi@1.2.130":
  version "1.2.130"
  resolved "https://registry.npmjs.org/@swc/core-android-arm-eabi/-/core-android-arm-eabi-1.2.130.tgz"
  integrity sha512-abwA4y7+I5nP+nUtQ+n8x2+9dca2h2QOZNPC5IfauZbO9ETKNAsHHHMS5nrVRkCO/hgiDZKfi+CJhP2OmUH+RQ==

"@swc/core-android-arm64@1.2.130":
  version "1.2.130"
  resolved "https://registry.npmjs.org/@swc/core-android-arm64/-/core-android-arm64-1.2.130.tgz"
  integrity sha512-OnJrK1Pbfv4h3RT3MA1s7TzQCV06lEhp5ZGpdQ6ycTn4/teEmUYZ3J+tzoHjsSp74rciTm+bb/scSyB92SQo5A==

"@swc/core-darwin-arm64@1.2.130":
  version "1.2.130"
  resolved "https://registry.npmjs.org/@swc/core-darwin-arm64/-/core-darwin-arm64-1.2.130.tgz"
  integrity sha512-VXPWU+I3lspDeGG1UWh5Up8pp38ZnkUsMWzSCtTJOQxLYxPOILuvadQgfz4QSo+npnxm4Af6k1oiMRSCOTwuNA==

"@swc/core-darwin-x64@1.2.130":
  version "1.2.130"
  resolved "https://registry.npmjs.org/@swc/core-darwin-x64/-/core-darwin-x64-1.2.130.tgz"
  integrity sha512-M6vfYtCkvKdanlPJZjihi593h1sD6JSRjlPCN7y8746Pyd0HRWUunshU5I05mAJFSRlZKUCRah3iBTLySZrpVw==

"@swc/core-freebsd-x64@1.2.130":
  version "1.2.130"
  resolved "https://registry.npmjs.org/@swc/core-freebsd-x64/-/core-freebsd-x64-1.2.130.tgz"
  integrity sha512-LpjvfAGxsXCE3wXYWRWFrUsDZa8xngDpKzBVoOAxLEUQOl8TM+gFa+EBBQuhpStzP/BJhxru2VVCr8ry3bF6aA==

"@swc/core-linux-arm-gnueabihf@1.2.130":
  version "1.2.130"
  resolved "https://registry.npmjs.org/@swc/core-linux-arm-gnueabihf/-/core-linux-arm-gnueabihf-1.2.130.tgz"
  integrity sha512-ebmcc8tJOk1MNvOz/h3AJfWYdnYScxhlFBCwMMAwGFbCF7WgYApt6lA/+6G4BxDBxh7kyoOs+3lkcz4yzNVv8Q==

"@swc/core-linux-arm64-gnu@1.2.130":
  version "1.2.130"
  resolved "https://registry.npmjs.org/@swc/core-linux-arm64-gnu/-/core-linux-arm64-gnu-1.2.130.tgz"
  integrity sha512-jpUAqPM/cskT8dL9Gg7yn+Kkf9SNtGHgNO8l5YULJ0aryCQakv+Dx4u8ReanxMq+yGmb5A43gw9gKU7dWllcJQ==

"@swc/core-linux-arm64-musl@1.2.130":
  version "1.2.130"
  resolved "https://registry.npmjs.org/@swc/core-linux-arm64-musl/-/core-linux-arm64-musl-1.2.130.tgz"
  integrity sha512-HxYSAvFHoOIJThgD21IE0hUu4liDmzVOlx/GCy3mIC4cCa0Vg6b6ErtVslmB375u21WGtb7NSuMNaXo72Vo4AA==

"@swc/core-linux-x64-gnu@1.2.130":
  version "1.2.130"
  resolved "https://registry.npmjs.org/@swc/core-linux-x64-gnu/-/core-linux-x64-gnu-1.2.130.tgz"
  integrity sha512-GWiShYtTA7grTXMpZop3VVd/XmufXe7NyT3JLRut1hSA/ADyP4mgQyrlrJjU5QUqfxS2uCzFpe+hj7lFZXzV+Q==

"@swc/core-linux-x64-musl@1.2.130":
  version "1.2.130"
  resolved "https://registry.npmjs.org/@swc/core-linux-x64-musl/-/core-linux-x64-musl-1.2.130.tgz"
  integrity sha512-je+jttXdkipw+BxiuS8PHOn6pB/lIvJZSJW0ZOrzotXQzSf3fli/d2CgMidn9NUGO6x6Zt72VkJ8ahQ5mwnIhA==

"@swc/core-win32-arm64-msvc@1.2.130":
  version "1.2.130"
  resolved "https://registry.npmjs.org/@swc/core-win32-arm64-msvc/-/core-win32-arm64-msvc-1.2.130.tgz"
  integrity sha512-98/1Xv0AY3fzd+h40qeM7RMFtsq0zhn3380X1U7VKJaczEsv8CSuJfhCmHmXj8MZm9lUoRDsNFNYYHXSKr8CFA==

"@swc/core-win32-ia32-msvc@1.2.130":
  version "1.2.130"
  resolved "https://registry.npmjs.org/@swc/core-win32-ia32-msvc/-/core-win32-ia32-msvc-1.2.130.tgz"
  integrity sha512-XtZOMUmRNMfHN1SiS5U+T+njPe02YddNtrm8OBWd7JqL4xb/HkgL2dxY8gwfKHgrU+Gle8x7rE8sigR+c5uiJQ==

"@swc/core-win32-x64-msvc@1.2.130":
  version "1.2.130"
  resolved "https://registry.npmjs.org/@swc/core-win32-x64-msvc/-/core-win32-x64-msvc-1.2.130.tgz"
  integrity sha512-jLe345zzQPNBol96OHw6aKZZ5UfsWtaX5G0oFLv+3GzO5aZjsSNX6zMSUMMzLSCUS9PIXM/RidcPapZuVY1M3A==

"@types/node@*":
  version "12.20.43"
  resolved "https://registry.npmjs.org/@types/node/-/node-12.20.43.tgz"
  integrity sha512-HCfJdaYqJX3BCzeihgZrD7b85Cu05OC/GVJ4kEYIflwUs4jbnUlLLWoq7hw1LBcdvUyehO+gr6P5JQ895/2ZfA==

"@types/node@^17.0.8":
  version "17.0.14"
  resolved "https://registry.npmjs.org/@types/node/-/node-17.0.14.tgz"
  integrity sha512-SbjLmERksKOGzWzPNuW7fJM7fk3YXVTFiZWB/Hs99gwhk+/dnrQRPBQjPW9aO+fi1tAffi9PrwFvsmOKmDTyng==

"@types/ws@^8.2.2":
  version "8.2.2"
  resolved "https://registry.npmjs.org/@types/ws/-/ws-8.2.2.tgz"
  integrity sha512-NOn5eIcgWLOo6qW8AcuLZ7G8PycXu0xTxxkS6Q18VWFxgPUSOwV0pBj2a/4viNZVu25i7RIB7GttdkAIUUXOOg==
  dependencies:
    "@types/node" "*"

anymatch@~3.1.2:
  version "3.1.2"
  resolved "https://registry.npmjs.org/anymatch/-/anymatch-3.1.2.tgz"
  integrity sha512-P43ePfOAIupkguHUycrc4qJ9kz8ZiuOUijaETwX7THt0Y/GNK7v0aa8rY816xWjZ7rJdA5XdMcpVFTKMq+RvWg==
  dependencies:
    normalize-path "^3.0.0"
    picomatch "^2.0.4"

binary-extensions@^2.0.0:
  version "2.2.0"
  resolved "https://registry.npmjs.org/binary-extensions/-/binary-extensions-2.2.0.tgz"
  integrity sha512-jDctJ/IVQbZoJykoeHbhXpOlNBqGNcwXJKJog42E5HDPUwQTSdjCHdihjj0DlnheQ7blbT6dHOafNAiS8ooQKA==

braces@~3.0.2:
  version "3.0.2"
  resolved "https://registry.npmjs.org/braces/-/braces-3.0.2.tgz"
  integrity sha512-b8um+L1RzM3WDSzvhm6gIz1yfTbBt6YTlcEKAvsmqCZZFw46z626lVj9j1yEPW33H5H+lBQpZMP1k8l+78Ha0A==
  dependencies:
    fill-range "^7.0.1"

chokidar@^3.5.3:
  version "3.5.3"
  resolved "https://registry.npmjs.org/chokidar/-/chokidar-3.5.3.tgz"
  integrity sha512-Dr3sfKRP6oTcjf2JmUmFJfeVMvXBdegxB0iVQ5eb2V10uFJUCAS8OByZdVAyVb8xXNz3GjjTgj9kLWsZTqE6kw==
  dependencies:
    anymatch "~3.1.2"
    braces "~3.0.2"
    glob-parent "~5.1.2"
    is-binary-path "~2.1.0"
    is-glob "~4.0.1"
    normalize-path "~3.0.0"
    readdirp "~3.6.0"
    fsevents "~2.3.2"

detect-libc@^1.0.3:
  version "1.0.3"
  resolved "https://registry.npmjs.org/detect-libc/-/detect-libc-1.0.3.tgz"
  integrity sha1-+hN8S9aY7fVc1c0CrFWfkaTEups=

esbuild@^0.14.18:
  version "0.14.18"
  resolved "https://registry.npmjs.org/esbuild/-/esbuild-0.14.18.tgz"
  integrity sha512-vCUoISSltnX7ax01w70pWOSQT+e55o+2P/a+A9MSTukJAt3T4aDZajcjeG4fnZbkvOEv+dkKgdkvljz6vVQD4A==
  dependencies:
    esbuild-android-arm64 "0.14.18"
    esbuild-darwin-64 "0.14.18"
    esbuild-darwin-arm64 "0.14.18"
    esbuild-freebsd-64 "0.14.18"
    esbuild-freebsd-arm64 "0.14.18"
    esbuild-linux-32 "0.14.18"
    esbuild-linux-64 "0.14.18"
    esbuild-linux-arm "0.14.18"
    esbuild-linux-arm64 "0.14.18"
    esbuild-linux-mips64le "0.14.18"
    esbuild-linux-ppc64le "0.14.18"
    esbuild-linux-s390x "0.14.18"
    esbuild-netbsd-64 "0.14.18"
    esbuild-openbsd-64 "0.14.18"
    esbuild-sunos-64 "0.14.18"
    esbuild-windows-32 "0.14.18"
    esbuild-windows-64 "0.14.18"
    esbuild-windows-arm64 "0.14.18"

esbuild-android-arm64@0.14.18:
  version "0.14.18"
  resolved "https://registry.npmjs.org/esbuild-android-arm64/-/esbuild-android-arm64-0.14.18.tgz"
  integrity sha512-AuE8vIwc6QLquwykyscFk0Ji3RFczoOvjka64FJlcjLLhD6VsS584RYlQrSnPpRkv69PunUvyrBoEF7JFTJijg==

esbuild-darwin-64@0.14.18:
  version "0.14.18"
  resolved "https://registry.npmjs.org/esbuild-darwin-64/-/esbuild-darwin-64-0.14.18.tgz"
  integrity sha512-nN1XziZtDy8QYOggaXC3zu0vVh8YJpS8Bol7bHaxx0enTLDSFBCXUUJEKYpmAAJ4OZRPgjXv8NzEHHQWQvLzXg==

esbuild-darwin-arm64@0.14.18:
  version "0.14.18"
  resolved "https://registry.npmjs.org/esbuild-darwin-arm64/-/esbuild-darwin-arm64-0.14.18.tgz"
  integrity sha512-v0i2n6TCsbxco/W1fN8RgQt3RW00Q9zJO2eqiAdmLWg6Hx0HNHloZyfhF11i7nMUUgW8r5n++ZweIXjAFPE/gQ==

esbuild-freebsd-64@0.14.18:
  version "0.14.18"
  resolved "https://registry.npmjs.org/esbuild-freebsd-64/-/esbuild-freebsd-64-0.14.18.tgz"
  integrity sha512-XLyJZTWbSuQJOqw867tBxvto6GjxULvWZYKs6RFHYQPCqgQ0ODLRtBmp4Fqqpde52yOe45npaaoup9IXNfr32A==

esbuild-freebsd-arm64@0.14.18:
  version "0.14.18"
  resolved "https://registry.npmjs.org/esbuild-freebsd-arm64/-/esbuild-freebsd-arm64-0.14.18.tgz"
  integrity sha512-0ItfrR8hePnDcUXxUQxY+VfICcBfeMJCdK6mcNUXnXw6LyHjyUYXWpFXF+J18pg1/YUWRWO1HbsJ7FEwELcQIA==

esbuild-linux-32@0.14.18:
  version "0.14.18"
  resolved "https://registry.npmjs.org/esbuild-linux-32/-/esbuild-linux-32-0.14.18.tgz"
  integrity sha512-mnG84D9NsEsoQdBpBT0IsFjm5iAwnd81SP4tRMXZLl09lPvIWjHHSq6LDlb4+L5H5K5y68WC//X5Dr2MtNY3DQ==

esbuild-linux-64@0.14.18:
  version "0.14.18"
  resolved "https://registry.npmjs.org/esbuild-linux-64/-/esbuild-linux-64-0.14.18.tgz"
  integrity sha512-HvExRtkeA8l/p+7Lf6aBrnLH+jTCFJTUMJxGKExh2RD8lCXGTeDJFyP+BOEetP80fuuH+Syj79+LVQ9MihdBsg==

esbuild-linux-arm@0.14.18:
  version "0.14.18"
  resolved "https://registry.npmjs.org/esbuild-linux-arm/-/esbuild-linux-arm-0.14.18.tgz"
  integrity sha512-+ZL8xfXVNaeaZ2Kxqlw2VYZWRDZ7NSK4zOV9GKNAtkkWURLsPUU84aUOBatRe9BH1O5FDo3LLQSlaA04ed6lhA==

esbuild-linux-arm64@0.14.18:
  version "0.14.18"
  resolved "https://registry.npmjs.org/esbuild-linux-arm64/-/esbuild-linux-arm64-0.14.18.tgz"
  integrity sha512-CCWmilODE1ckw+M7RVqoqKWA4UB0alCyK2bv0ikEeEAwkzinlJeoe94t9CnT/ECSQ2sL+C16idsr+aUviGp7sg==

esbuild-linux-mips64le@0.14.18:
  version "0.14.18"
  resolved "https://registry.npmjs.org/esbuild-linux-mips64le/-/esbuild-linux-mips64le-0.14.18.tgz"
  integrity sha512-8LjO4+6Vxz5gbyCHO4OONYMF689nLderCtzb8lG1Bncs4ZXHpo6bjvuWeTMRbGUkvAhp+P6hMTzia7RHOC53wQ==

esbuild-linux-ppc64le@0.14.18:
  version "0.14.18"
  resolved "https://registry.npmjs.org/esbuild-linux-ppc64le/-/esbuild-linux-ppc64le-0.14.18.tgz"
  integrity sha512-0OJk/6iYEmF1J7LXY6+cqf6Ga5vG4an7n1nubTKce7kYqaTyNGfYcTjDZce6lnDVlZTJtwntIMszq1+ZX7Kenw==

esbuild-linux-s390x@0.14.18:
  version "0.14.18"
  resolved "https://registry.npmjs.org/esbuild-linux-s390x/-/esbuild-linux-s390x-0.14.18.tgz"
  integrity sha512-UNY7YKZHjY31KcNanJK4QaT2/aoIQyS+jViP3QuDRIoYAogRnc6WydylzIkkEzGMaC4fzaXOmQ8fxwpLAXK4Yg==

esbuild-netbsd-64@0.14.18:
  version "0.14.18"
  resolved "https://registry.npmjs.org/esbuild-netbsd-64/-/esbuild-netbsd-64-0.14.18.tgz"
  integrity sha512-wE/2xT9KNzLCfEBw24YbVmMmXH92cFIzrRPUlwWH9dIizjvEYYcyQ+peTMVkqzUum7pdlVLZ2CDDqAaZo/nW/w==

esbuild-openbsd-64@0.14.18:
  version "0.14.18"
  resolved "https://registry.npmjs.org/esbuild-openbsd-64/-/esbuild-openbsd-64-0.14.18.tgz"
  integrity sha512-vdymE2jyuH/FRmTvrguCYSrq81/rUwuhMYyvt/6ibv9ac7xQ674c8qTdT+RH73sR9/2WUD/NsYxrBA/wUVTxcg==

esbuild-sunos-64@0.14.18:
  version "0.14.18"
  resolved "https://registry.npmjs.org/esbuild-sunos-64/-/esbuild-sunos-64-0.14.18.tgz"
  integrity sha512-X/Tesy6K1MdJF1d5cbzFDxrIMMn0ye+VgTQRI8P5Vo2CcKxOdckwsKUwpRAvg+VDZ6MxrSOTYS9OOoggPUjxTg==

esbuild-windows-32@0.14.18:
  version "0.14.18"
  resolved "https://registry.npmjs.org/esbuild-windows-32/-/esbuild-windows-32-0.14.18.tgz"
  integrity sha512-glG23I/JzCL4lu7DWFUtVwqFwNwlL0g+ks+mcjjUisHcINoSXTeCNToUN0bHhzn6IlXXnggNQ38Ew/idHPM8+g==

esbuild-windows-64@0.14.18:
  version "0.14.18"
  resolved "https://registry.npmjs.org/esbuild-windows-64/-/esbuild-windows-64-0.14.18.tgz"
  integrity sha512-zEiFKHgV/3z14wsVamV98/5mxeOwz+ecyg0pD3fWcBz9j4EOIT1Tg47axypD4QLwiKFvve9mUBYX1cD99qxOyw==

esbuild-windows-arm64@0.14.18:
  version "0.14.18"
  resolved "https://registry.npmjs.org/esbuild-windows-arm64/-/esbuild-windows-arm64-0.14.18.tgz"
  integrity sha512-Mh8lZFcPLat13dABN7lZThGUOn9YxoH5RYkhBq0U3WqQohHzKRhllYh7ibFixnkpMLnv8OZEbl8bGLMy03MpfA==

fill-range@^7.0.1:
  version "7.0.1"
  resolved "https://registry.npmjs.org/fill-range/-/fill-range-7.0.1.tgz"
  integrity sha512-qOo9F+dMUmC2Lcb4BbVvnKJxTPjCm+RRpe4gDuGrzkL7mEVl/djYSu2OdQ2Pa302N4oqkSg9ir6jaLWJ2USVpQ==
  dependencies:
    to-regex-range "^5.0.1"

fsevents@~2.3.2:
  version "2.3.2"
  resolved "https://registry.npmjs.org/fsevents/-/fsevents-2.3.2.tgz"
  integrity sha512-xiqMQR4xAeHTuB9uWm+fFRcIOgKBMiOBP+eXiyT7jsgVCq1bkVygt00oASowB7EdtpOHaaPgKt812P9ab+DDKA==

glob-parent@~5.1.2:
  version "5.1.2"
  resolved "https://registry.npmjs.org/glob-parent/-/glob-parent-5.1.2.tgz"
  integrity sha512-AOIgSQCepiJYwP3ARnGx+5VnTu2HBYdzbGP45eLw1vr3zB3vZLeyed1sC9hnbcOc9/SrMyM5RPQrkGz4aS9Zow==
  dependencies:
    is-glob "^4.0.1"

is-binary-path@~2.1.0:
  version "2.1.0"
  resolved "https://registry.npmjs.org/is-binary-path/-/is-binary-path-2.1.0.tgz"
  integrity sha512-ZMERYes6pDydyuGidse7OsHxtbI7WVeUEozgR/g7rd0xUimYNlvZRE/K2MgZTjWy725IfelLeVcEM97mmtRGXw==
  dependencies:
    binary-extensions "^2.0.0"

is-extglob@^2.1.1:
  version "2.1.1"
  resolved "https://registry.npmjs.org/is-extglob/-/is-extglob-2.1.1.tgz"
  integrity sha1-qIwCU1eR8C7TfHahueqXc8gz+MI=

is-glob@^4.0.1, is-glob@~4.0.1:
  version "4.0.3"
  resolved "https://registry.npmjs.org/is-glob/-/is-glob-4.0.3.tgz"
  integrity sha512-xelSayHH36ZgE7ZWhli7pW34hNbNl8Ojv5KVmkJD4hBdD3th8Tfk9vYasLM+mXWOZhFkgZfxhLSnrwRr4elSSg==
  dependencies:
    is-extglob "^2.1.1"

is-number@^7.0.0:
  version "7.0.0"
  resolved "https://registry.npmjs.org/is-number/-/is-number-7.0.0.tgz"
  integrity sha512-41Cifkg6e8TylSpdtTpeLVMqvSBEVzTttHvERD741+pnZ8ANv0004MRL43QKPDlK9cGvNp6NZWZUBlbGXYxxng==

normalize-path@^3.0.0, normalize-path@~3.0.0:
  version "3.0.0"
  resolved "https://registry.npmjs.org/normalize-path/-/normalize-path-3.0.0.tgz"
  integrity sha512-6eZs5Ls3WtCisHWp9S2GUy8dqkpGi4BVSz3GaqiE6ezub0512ESztXUwUB6C6IKbQkY2Pnb/mD4WYojCRwcwLA==

picomatch@^2.0.4, picomatch@^2.2.1:
  version "2.3.1"
  resolved "https://registry.npmjs.org/picomatch/-/picomatch-2.3.1.tgz"
  integrity sha512-JU3teHTNjmE2VCGFzuY8EXzCDVwEqB2a8fsIvwaStHhAWJEeVd1o1QD80CU6+ZdEXXSLbSsuLwJjkCBWqRQUVA==

prettier@^2.5.1:
  version "2.5.1"
  resolved "https://registry.npmjs.org/prettier/-/prettier-2.5.1.tgz"
  integrity sha512-vBZcPRUR5MZJwoyi3ZoyQlc1rXeEck8KgeC9AwwOn+exuxLxq5toTRDTSaVrXHxelDMHy9zlicw8u66yxoSUFg==

readdirp@~3.6.0:
  version "3.6.0"
  resolved "https://registry.npmjs.org/readdirp/-/readdirp-3.6.0.tgz"
  integrity sha512-hOS089on8RduqdbhvQ5Z37A0ESjsqz6qnRcffsMU3495FuTdqSm+7bhJ29JvIOsBDEEnan5DPu9t3To9VRlMzA==
  dependencies:
    picomatch "^2.2.1"

to-regex-range@^5.0.1:
  version "5.0.1"
  resolved "https://registry.npmjs.org/to-regex-range/-/to-regex-range-5.0.1.tgz"
  integrity sha512-65P7iz6X5yEr1cwcgvQxbbIw7Uk3gOy5dIdtZ4rDveLqhrdJP+Li/Hx6tyK0NEb+2GCyneCMJiGqrADCSNk8sQ==
  dependencies:
    is-number "^7.0.0"

typescript@^4.5.4:
  version "4.5.5"
  resolved "https://registry.npmjs.org/typescript/-/typescript-4.5.5.tgz"
  integrity sha512-TCTIul70LyWe6IJWT8QSYeA54WQe8EjQFU4wY52Fasj5UKx88LNYKCgBEHcOMOrFF1rKGbD8v/xcNWVUq9SymA==

ws@^8.4.2:
  version "8.4.2"
  resolved "https://registry.npmjs.org/ws/-/ws-8.4.2.tgz"
  integrity sha512-Kbk4Nxyq7/ZWqr/tarI9yIt/+iNNFOjBXEWgTb4ydaNHBNGgvf2QHbS9fdfsndfjFlFwEd4Al+mw83YkaD10ZA==
