# THIS IS AN AUTOGENERATED FILE. DO NOT EDIT THIS FILE DIRECTLY.
# yarn lockfile v1
# bun ./bun.lockb --hash: 04CDF2ABE86A2263-9baf1a9d1539f4a6-8C1FE50F3EB39CEC-07976ce06eb825aa


"@nabla/tnode@^0.6.0":
  version "0.6.0"
  resolved "https://registry.npmjs.org/@nabla/tnode/-/tnode-0.6.0.tgz"
  integrity sha512-cdX340+nDkWwfhwRPosLzSsHZmQ7bFtdMwIjHfStIC/xeouv0M7EhESz9l7qcpn2fcl31/xHk7sjQu3ByaG7sQ==
  dependencies:
    esbuild "^0.14.18"

"@parcel/css@^1.4.0":
  version "1.5.0"
  resolved "https://registry.npmjs.org/@parcel/css/-/css-1.5.0.tgz"
  integrity sha512-nfZDYfxL60RNmST6fvlfIdulZnoPDrkce+qxHHZXvvoxjDrdn6T4Z1bz7QB9EmCJHcyNpDKEmkZTrBX0skUGbQ==
  dependencies:
    detect-libc "^1.0.3"
    "@parcel/css-darwin-x64" "1.5.0"
    "@parcel/css-linux-x64-gnu" "1.5.0"
    "@parcel/css-win32-x64-msvc" "1.5.0"
    "@parcel/css-darwin-arm64" "1.5.0"
    "@parcel/css-linux-arm64-gnu" "1.5.0"
    "@parcel/css-linux-arm-gnueabihf" "1.5.0"
    "@parcel/css-linux-arm64-musl" "1.5.0"
    "@parcel/css-linux-x64-musl" "1.5.0"

"@parcel/css-darwin-arm64@1.5.0":
  version "1.5.0"
  resolved "https://registry.npmjs.org/@parcel/css-darwin-arm64/-/css-darwin-arm64-1.5.0.tgz"
  integrity sha512-5JwRRADWu7dWRvN0XbUGTWnTNOQaCCxWtXRRPSS9hDQnc337eCjfQknRPX+CSh1uzX+LJu37xfYF2odzkjpFTQ==

"@parcel/css-darwin-x64@1.5.0":
  version "1.5.0"
  resolved "https://registry.npmjs.org/@parcel/css-darwin-x64/-/css-darwin-x64-1.5.0.tgz"
  integrity sha512-dJgoLl+9kEBzXHnYG1XxyUSXxOceQgK/19/E11XBEVxRIF1yBHxhmpFuJaTVCIJbsotYKLr+H+CmOA0dgfKJcQ==

"@parcel/css-linux-arm-gnueabihf@1.5.0":
  version "1.5.0"
  resolved "https://registry.npmjs.org/@parcel/css-linux-arm-gnueabihf/-/css-linux-arm-gnueabihf-1.5.0.tgz"
  integrity sha512-PiasN1xjWp+RI3sczc+Kfg4W6jnD9k7Zpz4qLRamUvZS5NE31X3rKsxkJlaNLjXM2RfeaWhcxEV87isMKRK9TQ==

"@parcel/css-linux-arm64-gnu@1.5.0":
  version "1.5.0"
  resolved "https://registry.npmjs.org/@parcel/css-linux-arm64-gnu/-/css-linux-arm64-gnu-1.5.0.tgz"
  integrity sha512-mKJeC5p3E4z3XbRi9iBcdOe8OYAwI1CAdOmf3lKfWr1m1vuAFUG2D/YykShZUTbPRnW+m1DFuAVHXcv0zLuxww==

"@parcel/css-linux-arm64-musl@1.5.0":
  version "1.5.0"
  resolved "https://registry.npmjs.org/@parcel/css-linux-arm64-musl/-/css-linux-arm64-musl-1.5.0.tgz"
  integrity sha512-sZPaVtnK/RG1CStBJzNMxjcZasb/veuvaq+GbcZaOTAHKA+fzNFWrSgM/1xHDdVOk8boVWT4Vn3AUgZrrbqmEQ==

"@parcel/css-linux-x64-gnu@1.5.0":
  version "1.5.0"
  resolved "https://registry.npmjs.org/@parcel/css-linux-x64-gnu/-/css-linux-x64-gnu-1.5.0.tgz"
  integrity sha512-dDkbsx9S/EE3Sph9Az3PAFOgi2q2xSmRdME4PgnXGsux6R2hHwG+RGX0V406XyxTkIL4Gt8Vmmr09T0y+cdGSw==

"@parcel/css-linux-x64-musl@1.5.0":
  version "1.5.0"
  resolved "https://registry.npmjs.org/@parcel/css-linux-x64-musl/-/css-linux-x64-musl-1.5.0.tgz"
  integrity sha512-5Xpd+zu6OeI3h8Jk0AWpZwQkXbmlxNP+Jn+1yxec1wBO03Ke58r0glcyiaFSYjJeYTgWK9Rl/M5IucIKy4bvzg==

"@parcel/css-win32-x64-msvc@1.5.0":
  version "1.5.0"
  resolved "https://registry.npmjs.org/@parcel/css-win32-x64-msvc/-/css-win32-x64-msvc-1.5.0.tgz"
  integrity sha512-wp5/n4HEXp61MKyrPmSPOg3UEO4rE5BPT8Ab7jv+jML0X978vurBOaT0pH57z1MFNmLwCkCylDx0JiggjZvPMg==

"@swc/core@1.2.141":
  version "1.2.141"
  resolved "https://registry.npmjs.org/@swc/core/-/core-1.2.141.tgz"
  integrity sha512-etjy0pWW2i3BDpTtg72CzFW6m91g3WC8incE82w37tll9easR9fJE4+njs1h4fP164xAiyAXOfsBECxsfH+t6A==
  dependencies:
    "@swc/core-win32-x64-msvc" "1.2.141"
    "@swc/core-darwin-x64" "1.2.141"
    "@swc/core-linux-x64-gnu" "1.2.141"
    "@swc/core-linux-x64-musl" "1.2.141"
    "@swc/core-freebsd-x64" "1.2.141"
    "@swc/core-win32-ia32-msvc" "1.2.141"
    "@swc/core-linux-arm64-gnu" "1.2.141"
    "@swc/core-linux-arm-gnueabihf" "1.2.141"
    "@swc/core-darwin-arm64" "1.2.141"
    "@swc/core-android-arm64" "1.2.141"
    "@swc/core-linux-arm64-musl" "1.2.141"
    "@swc/core-win32-arm64-msvc" "1.2.141"
    "@swc/core-android-arm-eabi" "1.2.141"

"@swc/core-android-arm-eabi@1.2.141":
  version "1.2.141"
  resolved "https://registry.npmjs.org/@swc/core-android-arm-eabi/-/core-android-arm-eabi-1.2.141.tgz"
  integrity sha512-rkp8KPR93/H25KL+nGZqDZahTLrW6ub09GsjzfZWTijAeOn0NnLLWzSdY60UTbvBUz/GJP6ueNWmV8V8q8MkKw==

"@swc/core-android-arm64@1.2.141":
  version "1.2.141"
  resolved "https://registry.npmjs.org/@swc/core-android-arm64/-/core-android-arm64-1.2.141.tgz"
  integrity sha512-S9wNosJZA463nu+MHHv9xBwwe4KehEiBpKyk9gytGgblCD0aXa6Seb6CtsoZbo3C/Q881sVi9JG8COXFRFby/g==

"@swc/core-darwin-arm64@1.2.141":
  version "1.2.141"
  resolved "https://registry.npmjs.org/@swc/core-darwin-arm64/-/core-darwin-arm64-1.2.141.tgz"
  integrity sha512-jlWgQw+S208aETBH2mBZUWknObJQOMk1iuhxdqMsKzFSnmSnitEtCNIP55LkBHdvG8/k5elR6HQ0JPsEnQSiwA==

"@swc/core-darwin-x64@1.2.141":
  version "1.2.141"
  resolved "https://registry.npmjs.org/@swc/core-darwin-x64/-/core-darwin-x64-1.2.141.tgz"
  integrity sha512-fr4BXQhZe7SrCepgYeBedEq5NLO5hpUNoC84NN9njygP0xe+HP0SJkCHZ0INKHdBoQV+0qdl/JWZnYTSoOD9Hg==

"@swc/core-freebsd-x64@1.2.141":
  version "1.2.141"
  resolved "https://registry.npmjs.org/@swc/core-freebsd-x64/-/core-freebsd-x64-1.2.141.tgz"
  integrity sha512-BbYv36t2vnZ9A1PID5/tLv64/dPxFlp6JAtGDPhpc53I6WXORHDyL9oI8FYL0zLYByx1nHEBnu9ApBjmMEGfPw==

"@swc/core-linux-arm-gnueabihf@1.2.141":
  version "1.2.141"
  resolved "https://registry.npmjs.org/@swc/core-linux-arm-gnueabihf/-/core-linux-arm-gnueabihf-1.2.141.tgz"
  integrity sha512-GhXllm5F2aKs1uNn7Se2dPkszKPm0JJtPSMxalcn+axiNVaTreXs0AnTploj/9mwjNzYibVgeefbbQRJ/dPH4g==

"@swc/core-linux-arm64-gnu@1.2.141":
  version "1.2.141"
  resolved "https://registry.npmjs.org/@swc/core-linux-arm64-gnu/-/core-linux-arm64-gnu-1.2.141.tgz"
  integrity sha512-KkhDgTAT1zac4D3jAzLgDkjCjNg/YhVW4kqHNR6yZVO8E8SNd2mfyGKpzI8xpZzqH9VF8MUJ3tcfZEa+O3q57A==

"@swc/core-linux-arm64-musl@1.2.141":
  version "1.2.141"
  resolved "https://registry.npmjs.org/@swc/core-linux-arm64-musl/-/core-linux-arm64-musl-1.2.141.tgz"
  integrity sha512-5q+OfJM+FGpvzTyET8vuLY4GNKdiEOTtS5Td4oWQHQvmy6swUE/+WFveaNrIpbv9W2fMvXINHILeYz0fsBjzcg==

"@swc/core-linux-x64-gnu@1.2.141":
  version "1.2.141"
  resolved "https://registry.npmjs.org/@swc/core-linux-x64-gnu/-/core-linux-x64-gnu-1.2.141.tgz"
  integrity sha512-IR84Sp7Jftsot/ZSuLgkoIHNsAMMzsGtT28oBNWlEcIEGSjps9lAd4N1uRFo9nK35fYjQHxQ/0bujbHqeO7hhQ==

"@swc/core-linux-x64-musl@1.2.141":
  version "1.2.141"
  resolved "https://registry.npmjs.org/@swc/core-linux-x64-musl/-/core-linux-x64-musl-1.2.141.tgz"
  integrity sha512-sV7qc71++h19pp7FyU+1FWEVSHeghuGO67/VKNYdo6NpJhIuR4F0J76H6WP2hMlLgvWCd/lXudljKr0vDBFW5g==

"@swc/core-win32-arm64-msvc@1.2.141":
  version "1.2.141"
  resolved "https://registry.npmjs.org/@swc/core-win32-arm64-msvc/-/core-win32-arm64-msvc-1.2.141.tgz"
  integrity sha512-cqsuUOP+MmuKZ6KR5CaC3l6pUkULGpSDjmbFtoSTjuduu144GQ2HOpJslxOMPTkJbDm2fVYYSlPZTyIbBrCj1g==

"@swc/core-win32-ia32-msvc@1.2.141":
  version "1.2.141"
  resolved "https://registry.npmjs.org/@swc/core-win32-ia32-msvc/-/core-win32-ia32-msvc-1.2.141.tgz"
  integrity sha512-jkHWFwgTjOl9HChJpl1gZPdPSUUhwOZ/3a/SBnlrbuePcfro3DIbJysIcizpJtCGtnX7U3XECAzZn8c03OiKfg==

"@swc/core-win32-x64-msvc@1.2.141":
  version "1.2.141"
  resolved "https://registry.npmjs.org/@swc/core-win32-x64-msvc/-/core-win32-x64-msvc-1.2.141.tgz"
  integrity sha512-qCFMX/6HtBksLZeVB/jrbxZ1TxqEac03zvRGDe3N4ZVBtMZi7nfayJTsYRrvfw87XOegIz5mEWfShxEy44FtGw==

"@types/node@*":
  version "16.11.26"
  resolved "https://registry.npmjs.org/@types/node/-/node-16.11.26.tgz"
  integrity sha512-GZ7bu5A6+4DtG7q9GsoHXy3ALcgeIHP4NnL0Vv2wu0uUB/yQex26v0tf6/na1mm0+bS9Uw+0DFex7aaKr2qawQ==

"@types/node@^17.0.8":
  version "17.0.21"
  resolved "https://registry.npmjs.org/@types/node/-/node-17.0.21.tgz"
  integrity sha512-DBZCJbhII3r90XbQxI8Y9IjjiiOGlZ0Hr32omXIZvwwZ7p4DMMXGrKXVyPfuoBOri9XNtL0UK69jYIBIsRX3QQ==

"@types/prop-types@*":
  version "15.7.4"
  resolved "https://registry.npmjs.org/@types/prop-types/-/prop-types-15.7.4.tgz"
  integrity sha512-rZ5drC/jWjrArrS8BR6SIr4cWpW09RNTYt9AMZo3Jwwif+iacXAqgVjm0B0Bv/S1jhDXKHqRVNCbACkJ89RAnQ==

"@types/react@^17.0.39":
  version "17.0.39"
  resolved "https://registry.npmjs.org/@types/react/-/react-17.0.39.tgz"
  integrity sha512-UVavlfAxDd/AgAacMa60Azl7ygyQNRwC/DsHZmKgNvPmRR5p70AJ5Q9EAmL2NWOJmeV+vVUI4IAP7GZrN8h8Ug==
  dependencies:
    "@types/prop-types" "*"
    "@types/scheduler" "*"
    csstype "^3.0.2"

"@types/scheduler@*":
  version "0.16.2"
  resolved "https://registry.npmjs.org/@types/scheduler/-/scheduler-0.16.2.tgz"
  integrity sha512-hppQEBDmlwhFAXKJX2KnWLYu5yMfi91yazPb2l+lbJiwW+wdo1gNeRA+3RgNSO39WYX2euey41KEwnqesU2Jew==

"@types/ws@^8.2.2":
  version "8.5.2"
  resolved "https://registry.npmjs.org/@types/ws/-/ws-8.5.2.tgz"
  integrity sha512-VXI82ykONr5tacHEojnErTQk+KQSoYbW1NB6iz6wUwrNd+BqfkfggQNoNdCqhJSzbNumShPERbM+Pc5zpfhlbw==
  dependencies:
    "@types/node" "*"

anymatch@~3.1.2:
  version "3.1.2"
  resolved "https://registry.npmjs.org/anymatch/-/anymatch-3.1.2.tgz"
  integrity sha512-P43ePfOAIupkguHUycrc4qJ9kz8ZiuOUijaETwX7THt0Y/GNK7v0aa8rY816xWjZ7rJdA5XdMcpVFTKMq+RvWg==
  dependencies:
    normalize-path "^3.0.0"
    picomatch "^2.0.4"

binary-extensions@^2.0.0:
  version "2.2.0"
  resolved "https://registry.npmjs.org/binary-extensions/-/binary-extensions-2.2.0.tgz"
  integrity sha512-jDctJ/IVQbZoJykoeHbhXpOlNBqGNcwXJKJog42E5HDPUwQTSdjCHdihjj0DlnheQ7blbT6dHOafNAiS8ooQKA==

braces@~3.0.2:
  version "3.0.2"
  resolved "https://registry.npmjs.org/braces/-/braces-3.0.2.tgz"
  integrity sha512-b8um+L1RzM3WDSzvhm6gIz1yfTbBt6YTlcEKAvsmqCZZFw46z626lVj9j1yEPW33H5H+lBQpZMP1k8l+78Ha0A==
  dependencies:
    fill-range "^7.0.1"

chokidar@^3.5.3:
  version "3.5.3"
  resolved "https://registry.npmjs.org/chokidar/-/chokidar-3.5.3.tgz"
  integrity sha512-Dr3sfKRP6oTcjf2JmUmFJfeVMvXBdegxB0iVQ5eb2V10uFJUCAS8OByZdVAyVb8xXNz3GjjTgj9kLWsZTqE6kw==
  dependencies:
    anymatch "~3.1.2"
    braces "~3.0.2"
    glob-parent "~5.1.2"
    is-binary-path "~2.1.0"
    is-glob "~4.0.1"
    normalize-path "~3.0.0"
    readdirp "~3.6.0"
    fsevents "~2.3.2"

csstype@^3.0.2:
  version "3.0.11"
  resolved "https://registry.npmjs.org/csstype/-/csstype-3.0.11.tgz"
  integrity sha512-sa6P2wJ+CAbgyy4KFssIb/JNMLxFvKF1pCYCSXS8ZMuqZnMsrxqI2E5sPyoTpxoPU/gVZMzr2zjOfg8GIZOMsw==

detect-libc@^1.0.3:
  version "1.0.3"
  resolved "https://registry.npmjs.org/detect-libc/-/detect-libc-1.0.3.tgz"
  integrity sha1-+hN8S9aY7fVc1c0CrFWfkaTEups=

esbuild@^0.14.18:
  version "0.14.24"
  resolved "https://registry.npmjs.org/esbuild/-/esbuild-0.14.24.tgz"
  integrity sha512-NjfmycVQqY0+iKXoHXsvMAKx4XF/bD/dDm8pK6C/3aJO/i/uby+7AR4z8vu0qkiihkB5Y43+9BjdY2MGnswC/A==
  dependencies:
    esbuild-android-64 "0.14.24"
    esbuild-android-arm64 "0.14.24"
    esbuild-darwin-64 "0.14.24"
    esbuild-darwin-arm64 "0.14.24"
    esbuild-freebsd-64 "0.14.24"
    esbuild-freebsd-arm64 "0.14.24"
    esbuild-linux-32 "0.14.24"
    esbuild-linux-64 "0.14.24"
    esbuild-linux-arm "0.14.24"
    esbuild-linux-arm64 "0.14.24"
    esbuild-linux-mips64le "0.14.24"
    esbuild-linux-ppc64le "0.14.24"
    esbuild-linux-riscv64 "0.14.24"
    esbuild-linux-s390x "0.14.24"
    esbuild-netbsd-64 "0.14.24"
    esbuild-openbsd-64 "0.14.24"
    esbuild-sunos-64 "0.14.24"
    esbuild-windows-32 "0.14.24"
    esbuild-windows-64 "0.14.24"
    esbuild-windows-arm64 "0.14.24"

esbuild-android-64@0.14.24:
  version "0.14.24"
  resolved "https://registry.npmjs.org/esbuild-android-64/-/esbuild-android-64-0.14.24.tgz"
  integrity sha512-mbhO8NepmUZ84cP/axGR8IzH1Trth+uknEJzz36cZl8FfMA3ooaiBsMyzJ35s70QEAreiEt1XzltZ4pcfOsVUA==

esbuild-android-arm64@0.14.24:
  version "0.14.24"
  resolved "https://registry.npmjs.org/esbuild-android-arm64/-/esbuild-android-arm64-0.14.24.tgz"
  integrity sha512-wM3iuLZjaA9BhlMOH6mWvTGXwPJsLOuAbMkGiczSY+NLeG2WF1ouCcuhFz2jZCbnw9lnI30QWgzebNBQi9K8SA==

esbuild-darwin-64@0.14.24:
  version "0.14.24"
  resolved "https://registry.npmjs.org/esbuild-darwin-64/-/esbuild-darwin-64-0.14.24.tgz"
  integrity sha512-GDaCV5e9mdrJkrGT91W8WCqQ/+fvB/nsULIu4l7Ik7dlQd5uB4qeKRcFFl5Vz5ODK/C/UWZmKmMQWokZsLNWLQ==

esbuild-darwin-arm64@0.14.24:
  version "0.14.24"
  resolved "https://registry.npmjs.org/esbuild-darwin-arm64/-/esbuild-darwin-arm64-0.14.24.tgz"
  integrity sha512-reU7/vEdXsg+zZWxKL/gaHsJkGMCC49Y4pqbsaBmx0YAF00K0+V7w5BHBF+iY5jvtJ1ZCYRHTN/iAbYVOnoV0w==

esbuild-freebsd-64@0.14.24:
  version "0.14.24"
  resolved "https://registry.npmjs.org/esbuild-freebsd-64/-/esbuild-freebsd-64-0.14.24.tgz"
  integrity sha512-Mp35Rz/XoixG7Uka6l54hU/XUxAEwQozgKoHPusJzX+Fu1vANil0Ypos0RJkidu7skSkd0xisNIT+gtD36BxpA==

esbuild-freebsd-arm64@0.14.24:
  version "0.14.24"
  resolved "https://registry.npmjs.org/esbuild-freebsd-arm64/-/esbuild-freebsd-arm64-0.14.24.tgz"
  integrity sha512-+tf4a4zYaHP1XXPt286mxOc2bmj13K57GZYjqYz/G3c3sgNXa0JBkcPlUATIj96WfXhWM115n3nHe9wF88+ZGQ==

esbuild-linux-32@0.14.24:
  version "0.14.24"
  resolved "https://registry.npmjs.org/esbuild-linux-32/-/esbuild-linux-32-0.14.24.tgz"
  integrity sha512-8jMZErn5aLnlSQqzK365yoWRr67ZkGNcoTmk1CK5Bk1EB9g7uwCfdZsmWcclLWPGkIhMbdk4OvzQ+Wp0popwWA==

esbuild-linux-64@0.14.24:
  version "0.14.24"
  resolved "https://registry.npmjs.org/esbuild-linux-64/-/esbuild-linux-64-0.14.24.tgz"
  integrity sha512-D/JCsk9OY2IZj+fkU74pKD4rD2pjeiYUbze1cS5D6+U0pz8j71GjZY5UkfwHhBBbNyPe6DPCyex97txQUlHwWw==

esbuild-linux-arm@0.14.24:
  version "0.14.24"
  resolved "https://registry.npmjs.org/esbuild-linux-arm/-/esbuild-linux-arm-0.14.24.tgz"
  integrity sha512-N+vvGpJAUWv3j+YZGOMEtrHwrrSG582TuAThBwoRE7d2N4zFE2WQBCiSYaAVckMQhvMOPqnCdqeTDUse5nlKTw==

esbuild-linux-arm64@0.14.24:
  version "0.14.24"
  resolved "https://registry.npmjs.org/esbuild-linux-arm64/-/esbuild-linux-arm64-0.14.24.tgz"
  integrity sha512-DypWEDQLE+PoHGMa4FLcmKvS+yQLsYlsN03R496rTpDOiVQGrRdo0LbYtf+uHpDxa1KRrHZsQim6n8m3VBHP6g==

esbuild-linux-mips64le@0.14.24:
  version "0.14.24"
  resolved "https://registry.npmjs.org/esbuild-linux-mips64le/-/esbuild-linux-mips64le-0.14.24.tgz"
  integrity sha512-eMk9pEHba1yd5bOuPZUJfFucigvysdcE2d/wV4M0eUdb/VjyH9fcGqz8byvSjmYSOt3WCn/V4jLVI+pwDSHWYw==

esbuild-linux-ppc64le@0.14.24:
  version "0.14.24"
  resolved "https://registry.npmjs.org/esbuild-linux-ppc64le/-/esbuild-linux-ppc64le-0.14.24.tgz"
  integrity sha512-4vQ/Y6EV5Z2BjO7RdpEyTCv702WmOPc95d2CbUcFvg78FpGQAmrbIrHXu/yX4+rdUU6vMNBn3M+7M7/lxmxjjg==

esbuild-linux-riscv64@0.14.24:
  version "0.14.24"
  resolved "https://registry.npmjs.org/esbuild-linux-riscv64/-/esbuild-linux-riscv64-0.14.24.tgz"
  integrity sha512-pAN9/+NZ487Wo9PmlOM6Ra95SrhG8JQw7fCgi3z7dUufwTApTNTPGs5UOMD4Bmorju+DeGb0f0GddLaeabvqDg==

esbuild-linux-s390x@0.14.24:
  version "0.14.24"
  resolved "https://registry.npmjs.org/esbuild-linux-s390x/-/esbuild-linux-s390x-0.14.24.tgz"
  integrity sha512-ZR+VMHP2WS3022x2sK/85cBfKGgPalIZzpquDWjra9nUb+WdEzuK9i9bRsstLmjIPs3uIkGfe6xXUh/7PNLllw==

esbuild-netbsd-64@0.14.24:
  version "0.14.24"
  resolved "https://registry.npmjs.org/esbuild-netbsd-64/-/esbuild-netbsd-64-0.14.24.tgz"
  integrity sha512-1PzXU++e0PEaSuGpkhrVb+fDUw9mSp4laY9KRsjJkAuXPDj0rHz7KxK7CAbzY/ucufeIR9Ca8/oMpdVyWdaOGw==

esbuild-openbsd-64@0.14.24:
  version "0.14.24"
  resolved "https://registry.npmjs.org/esbuild-openbsd-64/-/esbuild-openbsd-64-0.14.24.tgz"
  integrity sha512-PvXh7JJAFM1kR87XDWbRrUkaOGVMS6Dq/IRXE2E02maio21JELk/jNRijTe81ztr8v+8K9osB3rG9zKqIdTxhQ==

esbuild-sunos-64@0.14.24:
  version "0.14.24"
  resolved "https://registry.npmjs.org/esbuild-sunos-64/-/esbuild-sunos-64-0.14.24.tgz"
  integrity sha512-5iYi76kGQdyCqvSUknqjTZ0T19KvQD6hiklPAY6kVoQ1YoDUGCGILRI9eM/3zLNLG1bUFgcdJ2ktaBxwyXuHyA==

esbuild-windows-32@0.14.24:
  version "0.14.24"
  resolved "https://registry.npmjs.org/esbuild-windows-32/-/esbuild-windows-32-0.14.24.tgz"
  integrity sha512-oDxcNu4P1FWTk2ompKB0uKHfxYw1QuubH189+PlfrrWT9tVu+mxT9dSwJu2erfUDz5dnr6h8rgkg95NGboeJxg==

esbuild-windows-64@0.14.24:
  version "0.14.24"
  resolved "https://registry.npmjs.org/esbuild-windows-64/-/esbuild-windows-64-0.14.24.tgz"
  integrity sha512-0uxXF1yLcGEM2es0OMDgQYQGZXQEEIdq8cG3IWhY2GGfFRLXpMgic1iUE+SKCh+b82t1ftUVoyG0zIFRn5NOIA==

esbuild-windows-arm64@0.14.24:
  version "0.14.24"
  resolved "https://registry.npmjs.org/esbuild-windows-arm64/-/esbuild-windows-arm64-0.14.24.tgz"
  integrity sha512-unwaYRaIK/4OaZm0jnM3pLKMPEjaQqmT5teTciSZ86VYaiYZF27Ki7BW7R5ngk27gIw0ovIfUcn9DhJgp7qAlw==

fill-range@^7.0.1:
  version "7.0.1"
  resolved "https://registry.npmjs.org/fill-range/-/fill-range-7.0.1.tgz"
  integrity sha512-qOo9F+dMUmC2Lcb4BbVvnKJxTPjCm+RRpe4gDuGrzkL7mEVl/djYSu2OdQ2Pa302N4oqkSg9ir6jaLWJ2USVpQ==
  dependencies:
    to-regex-range "^5.0.1"

fsevents@~2.3.2:
  version "2.3.2"
  resolved "https://registry.npmjs.org/fsevents/-/fsevents-2.3.2.tgz"
  integrity sha512-xiqMQR4xAeHTuB9uWm+fFRcIOgKBMiOBP+eXiyT7jsgVCq1bkVygt00oASowB7EdtpOHaaPgKt812P9ab+DDKA==

glob-parent@~5.1.2:
  version "5.1.2"
  resolved "https://registry.npmjs.org/glob-parent/-/glob-parent-5.1.2.tgz"
  integrity sha512-AOIgSQCepiJYwP3ARnGx+5VnTu2HBYdzbGP45eLw1vr3zB3vZLeyed1sC9hnbcOc9/SrMyM5RPQrkGz4aS9Zow==
  dependencies:
    is-glob "^4.0.1"

is-binary-path@~2.1.0:
  version "2.1.0"
  resolved "https://registry.npmjs.org/is-binary-path/-/is-binary-path-2.1.0.tgz"
  integrity sha512-ZMERYes6pDydyuGidse7OsHxtbI7WVeUEozgR/g7rd0xUimYNlvZRE/K2MgZTjWy725IfelLeVcEM97mmtRGXw==
  dependencies:
    binary-extensions "^2.0.0"

is-extglob@^2.1.1:
  version "2.1.1"
  resolved "https://registry.npmjs.org/is-extglob/-/is-extglob-2.1.1.tgz"
  integrity sha1-qIwCU1eR8C7TfHahueqXc8gz+MI=

is-glob@^4.0.1, is-glob@~4.0.1:
  version "4.0.3"
  resolved "https://registry.npmjs.org/is-glob/-/is-glob-4.0.3.tgz"
  integrity sha512-xelSayHH36ZgE7ZWhli7pW34hNbNl8Ojv5KVmkJD4hBdD3th8Tfk9vYasLM+mXWOZhFkgZfxhLSnrwRr4elSSg==
  dependencies:
    is-extglob "^2.1.1"

is-number@^7.0.0:
  version "7.0.0"
  resolved "https://registry.npmjs.org/is-number/-/is-number-7.0.0.tgz"
  integrity sha512-41Cifkg6e8TylSpdtTpeLVMqvSBEVzTttHvERD741+pnZ8ANv0004MRL43QKPDlK9cGvNp6NZWZUBlbGXYxxng==

normalize-path@^3.0.0, normalize-path@~3.0.0:
  version "3.0.0"
  resolved "https://registry.npmjs.org/normalize-path/-/normalize-path-3.0.0.tgz"
  integrity sha512-6eZs5Ls3WtCisHWp9S2GUy8dqkpGi4BVSz3GaqiE6ezub0512ESztXUwUB6C6IKbQkY2Pnb/mD4WYojCRwcwLA==

picomatch@^2.0.4, picomatch@^2.2.1:
  version "2.3.1"
  resolved "https://registry.npmjs.org/picomatch/-/picomatch-2.3.1.tgz"
  integrity sha512-JU3teHTNjmE2VCGFzuY8EXzCDVwEqB2a8fsIvwaStHhAWJEeVd1o1QD80CU6+ZdEXXSLbSsuLwJjkCBWqRQUVA==

prettier@^2.5.1:
  version "2.5.1"
  resolved "https://registry.npmjs.org/prettier/-/prettier-2.5.1.tgz"
  integrity sha512-vBZcPRUR5MZJwoyi3ZoyQlc1rXeEck8KgeC9AwwOn+exuxLxq5toTRDTSaVrXHxelDMHy9zlicw8u66yxoSUFg==

readdirp@~3.6.0:
  version "3.6.0"
  resolved "https://registry.npmjs.org/readdirp/-/readdirp-3.6.0.tgz"
  integrity sha512-hOS089on8RduqdbhvQ5Z37A0ESjsqz6qnRcffsMU3495FuTdqSm+7bhJ29JvIOsBDEEnan5DPu9t3To9VRlMzA==
  dependencies:
    picomatch "^2.2.1"

to-regex-range@^5.0.1:
  version "5.0.1"
  resolved "https://registry.npmjs.org/to-regex-range/-/to-regex-range-5.0.1.tgz"
  integrity sha512-65P7iz6X5yEr1cwcgvQxbbIw7Uk3gOy5dIdtZ4rDveLqhrdJP+Li/Hx6tyK0NEb+2GCyneCMJiGqrADCSNk8sQ==
  dependencies:
    is-number "^7.0.0"

typescript@^4.5.4:
  version "4.6.2"
  resolved "https://registry.npmjs.org/typescript/-/typescript-4.6.2.tgz"
  integrity sha512-HM/hFigTBHZhLXshn9sN37H085+hQGeJHJ/X7LpBWLID/fbc2acUMfU+lGD98X81sKP+pFa9f0DZmCwB9GnbAg==

ws@^8.4.2:
  version "8.5.0"
  resolved "https://registry.npmjs.org/ws/-/ws-8.5.0.tgz"
  integrity sha512-BWX0SWVgLPzYwF8lTzEy1egjhS4S4OEAHfsO8o65WOVsrnSRGaSiUaa9e0ggGlkMTtBlmOpEXiie9RUcBO86qg==
